
Microsoft Visual Studio Solution File, Format Version 12.00
# Visual Studio Version 17
VisualStudioVersion = 17.0.31717.71
MinimumVisualStudioVersion = 10.0.40219.1
Project("{9A19103F-16F7-4668-BE54-9A1E7A4F7556}") = "PackagesManagement", "PackagesManagement\PackagesManagement.csproj", "{F494C23F-065F-42F9-969F-88D8D91A1C6F}"
EndProject
Project("{9A19103F-16F7-4668-BE54-9A1E7A4F7556}") = "PackagesManagementDomain", "PackagesManagementDomain\PackagesManagementDomain.csproj", "{070D8CD2-B78A-48C1-B9E5-29049D6ECD7D}"
EndProject
Project("{9A19103F-16F7-4668-BE54-9A1E7A4F7556}") = "PackagesManagementDB", "PackagesManagementDB\PackagesManagementDB.csproj", "{C2B30C4F-87D1-426B-88D7-F221C72BBF13}"
EndProject
Project("{FAE04EC0-301F-11D3-BF4B-00C04F79EFBC}") = "PackagesManagementTest", "PackagesManagementTest\PackagesManagementTest.csproj", "{59B4F82D-E511-4D68-83E7-DEFE167AA91D}"
EndProject
Global
	GlobalSection(SolutionConfigurationPlatforms) = preSolution
		Debug|Any CPU = Debug|Any CPU
		Release|Any CPU = Release|Any CPU
	EndGlobalSection
	GlobalSection(ProjectConfigurationPlatforms) = postSolution
		{F494C23F-065F-42F9-969F-88D8D91A1C6F}.Debug|Any CPU.ActiveCfg = Debug|Any CPU
		{F494C23F-065F-42F9-969F-88D8D91A1C6F}.Debug|Any CPU.Build.0 = Debug|Any CPU
		{F494C23F-065F-42F9-969F-88D8D91A1C6F}.Release|Any CPU.ActiveCfg = Release|Any CPU
		{F494C23F-065F-42F9-969F-88D8D91A1C6F}.Release|Any CPU.Build.0 = Release|Any CPU
		{070D8CD2-B78A-48C1-B9E5-29049D6ECD7D}.Debug|Any CPU.ActiveCfg = Debug|Any CPU
		{070D8CD2-B78A-48C1-B9E5-29049D6ECD7D}.Debug|Any CPU.Build.0 = Debug|Any CPU
		{070D8CD2-B78A-48C1-B9E5-29049D6ECD7D}.Release|Any CPU.ActiveCfg = Release|Any CPU
		{070D8CD2-B78A-48C1-B9E5-29049D6ECD7D}.Release|Any CPU.Build.0 = Release|Any CPU
		{C2B30C4F-87D1-426B-88D7-F221C72BBF13}.Debug|Any CPU.ActiveCfg = Debug|Any CPU
		{C2B30C4F-87D1-426B-88D7-F221C72BBF13}.Debug|Any CPU.Build.0 = Debug|Any CPU
		{C2B30C4F-87D1-426B-88D7-F221C72BBF13}.Release|Any CPU.ActiveCfg = Release|Any CPU
		{C2B30C4F-87D1-426B-88D7-F221C72BBF13}.Release|Any CPU.Build.0 = Release|Any CPU
		{59B4F82D-E511-4D68-83E7-DEFE167AA91D}.Debug|Any CPU.ActiveCfg = Debug|Any CPU
		{59B4F82D-E511-4D68-83E7-DEFE167AA91D}.Debug|Any CPU.Build.0 = Debug|Any CPU
		{59B4F82D-E511-4D68-83E7-DEFE167AA91D}.Release|Any CPU.ActiveCfg = Release|Any CPU
		{59B4F82D-E511-4D68-83E7-DEFE167AA91D}.Release|Any CPU.Build.0 = Release|Any CPU
	EndGlobalSection
	GlobalSection(SolutionProperties) = preSolution
		HideSolutionNode = FALSE
	EndGlobalSection
	GlobalSection(ExtensibilityGlobals) = postSolution
		SolutionGuid = {F7984DEB-8E06-4F0A-8A63-516CD5F3C760}
	EndGlobalSection
EndGlobal
