
Microsoft Visual Studio Solution File, Format Version 12.00
# Visual Studio Version 17
VisualStudioVersion = 17.6.33620.401
MinimumVisualStudioVersion = 10.0.40219.1
Project("{9A19103F-16F7-4668-BE54-9A1E7A4F7556}") = "MvcDockerTest", "MvcDockerTest\MvcDockerTest.csproj", "{1BD278E2-6B81-4535-AF3C-2B75FBA946EB}"
EndProject
Project("{E53339B2-1760-4266-BCC7-CA923CBCF16C}") = "docker-compose", "docker-compose.dcproj", "{BE1BDFCC-1E8F-451F-9B97-4DA22130C63C}"
EndProject
Project("{FAE04EC0-301F-11D3-BF4B-00C04F79EFBC}") = "MvcDockerTest1", "MvcDockerTest1\MvcDockerTest1.csproj", "{1EA39233-F396-4FD6-9496-A5CD2FB6EB6A}"
EndProject
Global
	GlobalSection(SolutionConfigurationPlatforms) = preSolution
		Debug|Any CPU = Debug|Any CPU
		Release|Any CPU = Release|Any CPU
	EndGlobalSection
	GlobalSection(ProjectConfigurationPlatforms) = postSolution
		{1BD278E2-6B81-4535-AF3C-2B75FBA946EB}.Debug|Any CPU.ActiveCfg = Debug|Any CPU
		{1BD278E2-6B81-4535-AF3C-2B75FBA946EB}.Debug|Any CPU.Build.0 = Debug|Any CPU
		{1BD278E2-6B81-4535-AF3C-2B75FBA946EB}.Release|Any CPU.ActiveCfg = Release|Any CPU
		{1BD278E2-6B81-4535-AF3C-2B75FBA946EB}.Release|Any CPU.Build.0 = Release|Any CPU
		{BE1BDFCC-1E8F-451F-9B97-4DA22130C63C}.Debug|Any CPU.ActiveCfg = Debug|Any CPU
		{BE1BDFCC-1E8F-451F-9B97-4DA22130C63C}.Debug|Any CPU.Build.0 = Debug|Any CPU
		{BE1BDFCC-1E8F-451F-9B97-4DA22130C63C}.Release|Any CPU.ActiveCfg = Release|Any CPU
		{BE1BDFCC-1E8F-451F-9B97-4DA22130C63C}.Release|Any CPU.Build.0 = Release|Any CPU
		{1EA39233-F396-4FD6-9496-A5CD2FB6EB6A}.Debug|Any CPU.ActiveCfg = Debug|Any CPU
		{1EA39233-F396-4FD6-9496-A5CD2FB6EB6A}.Debug|Any CPU.Build.0 = Debug|Any CPU
		{1EA39233-F396-4FD6-9496-A5CD2FB6EB6A}.Release|Any CPU.ActiveCfg = Release|Any CPU
		{1EA39233-F396-4FD6-9496-A5CD2FB6EB6A}.Release|Any CPU.Build.0 = Release|Any CPU
	EndGlobalSection
	GlobalSection(SolutionProperties) = preSolution
		HideSolutionNode = FALSE
	EndGlobalSection
	GlobalSection(ExtensibilityGlobals) = postSolution
		SolutionGuid = {932BDF47-06B3-4E67-999A-B251C8A292EE}
	EndGlobalSection
EndGlobal
