
Microsoft Visual Studio Solution File, Format Version 12.00
# Visual Studio Version 17
VisualStudioVersion = 17.0.31423.177
MinimumVisualStudioVersion = 10.0.40219.1
Project("{9A19103F-16F7-4668-BE54-9A1E7A4F7556}") = "SmartSearch", "SmartSearch\SmartSearch.csproj", "{15A05E02-A16E-42EB-98DD-02303ECA2300}"
EndProject
Project("{9A19103F-16F7-4668-BE54-9A1E7A4F7556}") = "performance-issues", "performance-issues\performance-issues.csproj", "{128085BD-2E41-4407-AEC3-685CD2F76383}"
EndProject
Project("{9A19103F-16F7-4668-BE54-9A1E7A4F7556}") = "scalability-sample-3E", "scalability-sample-3E\scalability-sample-3E.csproj", "{7FC19B65-9568-46AF-AAA4-FADBD3650E92}"
EndProject
Global
	GlobalSection(SolutionConfigurationPlatforms) = preSolution
		Debug|Any CPU = Debug|Any CPU
		Release|Any CPU = Release|Any CPU
	EndGlobalSection
	GlobalSection(ProjectConfigurationPlatforms) = postSolution
		{15A05E02-A16E-42EB-98DD-02303ECA2300}.Debug|Any CPU.ActiveCfg = Debug|Any CPU
		{15A05E02-A16E-42EB-98DD-02303ECA2300}.Debug|Any CPU.Build.0 = Debug|Any CPU
		{15A05E02-A16E-42EB-98DD-02303ECA2300}.Release|Any CPU.ActiveCfg = Release|Any CPU
		{15A05E02-A16E-42EB-98DD-02303ECA2300}.Release|Any CPU.Build.0 = Release|Any CPU
		{128085BD-2E41-4407-AEC3-685CD2F76383}.Debug|Any CPU.ActiveCfg = Debug|Any CPU
		{128085BD-2E41-4407-AEC3-685CD2F76383}.Debug|Any CPU.Build.0 = Debug|Any CPU
		{128085BD-2E41-4407-AEC3-685CD2F76383}.Release|Any CPU.ActiveCfg = Release|Any CPU
		{128085BD-2E41-4407-AEC3-685CD2F76383}.Release|Any CPU.Build.0 = Release|Any CPU
		{7FC19B65-9568-46AF-AAA4-FADBD3650E92}.Debug|Any CPU.ActiveCfg = Debug|Any CPU
		{7FC19B65-9568-46AF-AAA4-FADBD3650E92}.Debug|Any CPU.Build.0 = Debug|Any CPU
		{7FC19B65-9568-46AF-AAA4-FADBD3650E92}.Release|Any CPU.ActiveCfg = Release|Any CPU
		{7FC19B65-9568-46AF-AAA4-FADBD3650E92}.Release|Any CPU.Build.0 = Release|Any CPU
	EndGlobalSection
	GlobalSection(SolutionProperties) = preSolution
		HideSolutionNode = FALSE
	EndGlobalSection
	GlobalSection(ExtensibilityGlobals) = postSolution
		SolutionGuid = {F36F3281-AD0A-4496-B37F-21AA43B08C91}
	EndGlobalSection
EndGlobal
