
Microsoft Visual Studio Solution File, Format Version 12.00
# Visual Studio Version 17
VisualStudioVersion = 17.1.32104.313
MinimumVisualStudioVersion = 10.0.40219.1
Project("{9A19103F-16F7-4668-BE54-9A1E7A4F7556}") = "ch08", "ch08\ch08.csproj", "{69961369-2C0E-403F-8631-58FC8B66EAA7}"
EndProject
Global
	GlobalSection(SolutionConfigurationPlatforms) = preSolution
		Debug|Any CPU = Debug|Any CPU
		Release|Any CPU = Release|Any CPU
	EndGlobalSection
	GlobalSection(ProjectConfigurationPlatforms) = postSolution
		{69961369-2C0E-403F-8631-58FC8B66EAA7}.Debug|Any CPU.ActiveCfg = Debug|Any CPU
		{69961369-2C0E-403F-8631-58FC8B66EAA7}.Debug|Any CPU.Build.0 = Debug|Any CPU
		{69961369-2C0E-403F-8631-58FC8B66EAA7}.Release|Any CPU.ActiveCfg = Release|Any CPU
		{69961369-2C0E-403F-8631-58FC8B66EAA7}.Release|Any CPU.Build.0 = Release|Any CPU
	EndGlobalSection
	GlobalSection(SolutionProperties) = preSolution
		HideSolutionNode = FALSE
	EndGlobalSection
	GlobalSection(ExtensibilityGlobals) = postSolution
		SolutionGuid = {56E93345-0715-4FD5-B1D7-2CF64B4B411E}
	EndGlobalSection
EndGlobal
