
Microsoft Visual Studio Solution File, Format Version 12.00
# Visual Studio Version 17
VisualStudioVersion = 17.0.31606.5
MinimumVisualStudioVersion = 10.0.40219.1
Project("{9A19103F-16F7-4668-BE54-9A1E7A4F7556}") = "FunctionAppWWTravel", "FunctionAppWWTravel\FunctionAppWWTravel.csproj", "{A305000E-39C2-4DAC-85C6-A88A1B3E90C6}"
EndProject
Project("{9A19103F-16F7-4668-BE54-9A1E7A4F7556}") = "FunctionAppSampleIsolated", "FunctionAppSampleIsolated\FunctionAppSampleIsolated.csproj", "{D21F1FD5-807B-4730-BDBB-847CE7D895E3}"
EndProject
Global
	GlobalSection(SolutionConfigurationPlatforms) = preSolution
		Debug|Any CPU = Debug|Any CPU
		Release|Any CPU = Release|Any CPU
	EndGlobalSection
	GlobalSection(ProjectConfigurationPlatforms) = postSolution
		{A305000E-39C2-4DAC-85C6-A88A1B3E90C6}.Debug|Any CPU.ActiveCfg = Debug|Any CPU
		{A305000E-39C2-4DAC-85C6-A88A1B3E90C6}.Debug|Any CPU.Build.0 = Debug|Any CPU
		{A305000E-39C2-4DAC-85C6-A88A1B3E90C6}.Release|Any CPU.ActiveCfg = Release|Any CPU
		{A305000E-39C2-4DAC-85C6-A88A1B3E90C6}.Release|Any CPU.Build.0 = Release|Any CPU
		{D21F1FD5-807B-4730-BDBB-847CE7D895E3}.Debug|Any CPU.ActiveCfg = Debug|Any CPU
		{D21F1FD5-807B-4730-BDBB-847CE7D895E3}.Debug|Any CPU.Build.0 = Debug|Any CPU
		{D21F1FD5-807B-4730-BDBB-847CE7D895E3}.Release|Any CPU.ActiveCfg = Release|Any CPU
		{D21F1FD5-807B-4730-BDBB-847CE7D895E3}.Release|Any CPU.Build.0 = Release|Any CPU
	EndGlobalSection
	GlobalSection(SolutionProperties) = preSolution
		HideSolutionNode = FALSE
	EndGlobalSection
	GlobalSection(ExtensibilityGlobals) = postSolution
		SolutionGuid = {147327B6-E243-4A12-96DF-61C1B030A877}
	EndGlobalSection
EndGlobal
