
Microsoft Visual Studio Solution File, Format Version 12.00
# Visual Studio Version 17
VisualStudioVersion = 17.0.31717.71
MinimumVisualStudioVersion = 10.0.40219.1
Project("{FAE04EC0-301F-11D3-BF4B-00C04F79EFBC}") = "WWTravelClubDB", "WWTravelClubDB\WWTravelClubDB.csproj", "{6EC38980-E033-457F-8AE9-41F1413DE97A}"
EndProject
Project("{FAE04EC0-301F-11D3-BF4B-00C04F79EFBC}") = "WWTravelClubDBTest", "WWTravelClubDBTest\WWTravelClubDBTest.csproj", "{A456613C-192E-41DC-A585-D9A58A3E166F}"
EndProject
Global
	GlobalSection(SolutionConfigurationPlatforms) = preSolution
		Debug|Any CPU = Debug|Any CPU
		Release|Any CPU = Release|Any CPU
	EndGlobalSection
	GlobalSection(ProjectConfigurationPlatforms) = postSolution
		{6EC38980-E033-457F-8AE9-41F1413DE97A}.Debug|Any CPU.ActiveCfg = Debug|Any CPU
		{6EC38980-E033-457F-8AE9-41F1413DE97A}.Debug|Any CPU.Build.0 = Debug|Any CPU
		{6EC38980-E033-457F-8AE9-41F1413DE97A}.Release|Any CPU.ActiveCfg = Release|Any CPU
		{6EC38980-E033-457F-8AE9-41F1413DE97A}.Release|Any CPU.Build.0 = Release|Any CPU
		{A456613C-192E-41DC-A585-D9A58A3E166F}.Debug|Any CPU.ActiveCfg = Debug|Any CPU
		{A456613C-192E-41DC-A585-D9A58A3E166F}.Debug|Any CPU.Build.0 = Debug|Any CPU
		{A456613C-192E-41DC-A585-D9A58A3E166F}.Release|Any CPU.ActiveCfg = Release|Any CPU
		{A456613C-192E-41DC-A585-D9A58A3E166F}.Release|Any CPU.Build.0 = Release|Any CPU
	EndGlobalSection
	GlobalSection(SolutionProperties) = preSolution
		HideSolutionNode = FALSE
	EndGlobalSection
	GlobalSection(ExtensibilityGlobals) = postSolution
		SolutionGuid = {E59AD0C7-EF1E-4780-9D68-34628E095E52}
	EndGlobalSection
EndGlobal
