
Microsoft Visual Studio Solution File, Format Version 12.00
# Visual Studio Version 17
VisualStudioVersion = 17.6.33417.168
MinimumVisualStudioVersion = 10.0.40219.1
Project("{FAE04EC0-301F-11D3-BF4B-00C04F79EFBC}") = "scalability-sample-4E", "scalability-sample-4E\scalability-sample-4E.csproj", "{B211515E-B587-425D-A1EC-64594DD929A5}"
EndProject
Global
	GlobalSection(SolutionConfigurationPlatforms) = preSolution
		Debug|Any CPU = Debug|Any CPU
		Release|Any CPU = Release|Any CPU
	EndGlobalSection
	GlobalSection(ProjectConfigurationPlatforms) = postSolution
		{B211515E-B587-425D-A1EC-64594DD929A5}.Debug|Any CPU.ActiveCfg = Debug|Any CPU
		{B211515E-B587-425D-A1EC-64594DD929A5}.Debug|Any CPU.Build.0 = Debug|Any CPU
		{B211515E-B587-425D-A1EC-64594DD929A5}.Release|Any CPU.ActiveCfg = Release|Any CPU
		{B211515E-B587-425D-A1EC-64594DD929A5}.Release|Any CPU.Build.0 = Release|Any CPU
	EndGlobalSection
	GlobalSection(SolutionProperties) = preSolution
		HideSolutionNode = FALSE
	EndGlobalSection
	GlobalSection(ExtensibilityGlobals) = postSolution
		SolutionGuid = {4A483AF6-0E27-45DC-9A0B-533B33EE0282}
	EndGlobalSection
EndGlobal
